
Microsoft Visual Studio Solution File, Format Version 12.00
# Visual Studio Version 16
VisualStudioVersion = 16.0.31105.61
MinimumVisualStudioVersion = 10.0.40219.1
Project("{FAE04EC0-301F-11D3-BF4B-00C04F79EFBC}") = "AutoPractice18", "AutoPractice18\AutoPractice18.csproj", "{8008B0D1-8C71-4E1F-99C3-EEC61396CAD5}"
	ProjectSection(ProjectDependencies) = postProject
		{77A07883-6D2F-4355-BAAF-790045CD75FB} = {77A07883-6D2F-4355-BAAF-790045CD75FB}
	EndProjectSection
EndProject
Project("{FAE04EC0-301F-11D3-BF4B-00C04F79EFBC}") = "COE.Core", "COE.Core\COE.Core.csproj", "{77A07883-6D2F-4355-BAAF-790045CD75FB}"
EndProject
Global
	GlobalSection(SolutionConfigurationPlatforms) = preSolution
		Debug|Any CPU = Debug|Any CPU
		Release|Any CPU = Release|Any CPU
	EndGlobalSection
	GlobalSection(ProjectConfigurationPlatforms) = postSolution
		{8008B0D1-8C71-4E1F-99C3-EEC61396CAD5}.Debug|Any CPU.ActiveCfg = Debug|Any CPU
		{8008B0D1-8C71-4E1F-99C3-EEC61396CAD5}.Debug|Any CPU.Build.0 = Debug|Any CPU
		{8008B0D1-8C71-4E1F-99C3-EEC61396CAD5}.Release|Any CPU.ActiveCfg = Release|Any CPU
		{8008B0D1-8C71-4E1F-99C3-EEC61396CAD5}.Release|Any CPU.Build.0 = Release|Any CPU
		{77A07883-6D2F-4355-BAAF-790045CD75FB}.Debug|Any CPU.ActiveCfg = Debug|Any CPU
		{77A07883-6D2F-4355-BAAF-790045CD75FB}.Debug|Any CPU.Build.0 = Debug|Any CPU
		{77A07883-6D2F-4355-BAAF-790045CD75FB}.Release|Any CPU.ActiveCfg = Release|Any CPU
		{77A07883-6D2F-4355-BAAF-790045CD75FB}.Release|Any CPU.Build.0 = Release|Any CPU
	EndGlobalSection
	GlobalSection(SolutionProperties) = preSolution
		HideSolutionNode = FALSE
	EndGlobalSection
	GlobalSection(ExtensibilityGlobals) = postSolution
		SolutionGuid = {1E4DE199-42A9-430E-8E0B-9DDA368BA82C}
	EndGlobalSection
EndGlobal
